
Microsoft Visual Studio Solution File, Format Version 12.00
# Visual Studio 15
VisualStudioVersion = 15.0.28307.271
MinimumVisualStudioVersion = 10.0.40219.1
Project("{9A19103F-16F7-4668-BE54-9A1E7A4F7556}") = "StateMachineSample", "StateMachineSample.csproj", "{395835D5-96A7-4C9D-A48A-8D11A1B1EEBD}"
EndProject
Global
	GlobalSection(SolutionConfigurationPlatforms) = preSolution
		Debug|Any CPU = Debug|Any CPU
		Release|Any CPU = Release|Any CPU
	EndGlobalSection
	GlobalSection(ProjectConfigurationPlatforms) = postSolution
		{395835D5-96A7-4C9D-A48A-8D11A1B1EEBD}.Debug|Any CPU.ActiveCfg = Debug|Any CPU
		{395835D5-96A7-4C9D-A48A-8D11A1B1EEBD}.Debug|Any CPU.Build.0 = Debug|Any CPU
		{395835D5-96A7-4C9D-A48A-8D11A1B1EEBD}.Release|Any CPU.ActiveCfg = Release|Any CPU
		{395835D5-96A7-4C9D-A48A-8D11A1B1EEBD}.Release|Any CPU.Build.0 = Release|Any CPU
	EndGlobalSection
	GlobalSection(SolutionProperties) = preSolution
		HideSolutionNode = FALSE
	EndGlobalSection
	GlobalSection(ExtensibilityGlobals) = postSolution
		SolutionGuid = {315B9ED7-B025-455A-BF79-C299C322F507}
	EndGlobalSection
EndGlobal
